Microsoft Visual Studio Solution File, Format Version 12.00
# Visual Studio Version 17
VisualStudioVersion = 17.5.2.0
MinimumVisualStudioVersion = 10.0.40219.1
Project("{FAE04EC0-301F-11D3-BF4B-00C04F79EFBC}") = "CineFinder.API", "CineFinder.API\CineFinder.API.csproj", "{460CE8B0-70F4-531D-EFBC-A13518D22630}"
EndProject
Global
	GlobalSection(SolutionConfigurationPlatforms) = preSolution
		Debug|Any CPU = Debug|Any CPU
		Release|Any CPU = Release|Any CPU
	EndGlobalSection
	GlobalSection(ProjectConfigurationPlatforms) = postSolution
		{460CE8B0-70F4-531D-EFBC-A13518D22630}.Debug|Any CPU.ActiveCfg = Debug|Any CPU
		{460CE8B0-70F4-531D-EFBC-A13518D22630}.Debug|Any CPU.Build.0 = Debug|Any CPU
		{460CE8B0-70F4-531D-EFBC-A13518D22630}.Release|Any CPU.ActiveCfg = Release|Any CPU
		{460CE8B0-70F4-531D-EFBC-A13518D22630}.Release|Any CPU.Build.0 = Release|Any CPU
	EndGlobalSection
	GlobalSection(SolutionProperties) = preSolution
		HideSolutionNode = FALSE
	EndGlobalSection
	GlobalSection(ExtensibilityGlobals) = postSolution
		SolutionGuid = {8D0A12C0-D507-468C-8D00-F740D1DB87C5}
	EndGlobalSection
EndGlobal
